{
  "name": "entry",
  "version": "1.0.0",
  "lockfileVersion": 2,
  "requires": true,
  "packages": {
    "": {
      "name": "entry",
      "version": "1.0.0",
      "license": "ISC",
      "dependencies": {
        "@ohos/portScanner": "file:../portScanner"
      },
      "devDependencies": {}
    },
    "../portScanner": {
      "name": "portscanner",
      "version": "1.0.0",
      "license": "ISC"
    },
    "node_modules/@ohos/portScanner": {
      "resolved": "../portScanner",
      "link": true
    }
  },
  "dependencies": {
    "@ohos/portScanner": {
      "version": "file:../portScanner"
    }
  }
}
